
Microsoft Visual Studio Solution File, Format Version 12.00
# Visual Studio Version 16
VisualStudioVersion = 16.0.29709.97
MinimumVisualStudioVersion = 10.0.40219.1
Project("{9A19103F-16F7-4668-BE54-9A1E7A4F7556}") = "CodingChallenges", "CodingChallenges\CodingChallenges.csproj", "{FC89E2B2-D0B1-45E9-9F54-EC742BEE42E8}"
EndProject
Project("{9A19103F-16F7-4668-BE54-9A1E7A4F7556}") = "Tests", "Tests\Tests.csproj", "{DBD67F34-A39B-46A1-ADE4-9914C5CACF9A}"
EndProject
Global
	GlobalSection(SolutionConfigurationPlatforms) = preSolution
		Debug|Any CPU = Debug|Any CPU
		Release|Any CPU = Release|Any CPU
	EndGlobalSection
	GlobalSection(ProjectConfigurationPlatforms) = postSolution
		{FC89E2B2-D0B1-45E9-9F54-EC742BEE42E8}.Debug|Any CPU.ActiveCfg = Debug|Any CPU
		{FC89E2B2-D0B1-45E9-9F54-EC742BEE42E8}.Debug|Any CPU.Build.0 = Debug|Any CPU
		{FC89E2B2-D0B1-45E9-9F54-EC742BEE42E8}.Release|Any CPU.ActiveCfg = Release|Any CPU
		{FC89E2B2-D0B1-45E9-9F54-EC742BEE42E8}.Release|Any CPU.Build.0 = Release|Any CPU
		{DBD67F34-A39B-46A1-ADE4-9914C5CACF9A}.Debug|Any CPU.ActiveCfg = Debug|Any CPU
		{DBD67F34-A39B-46A1-ADE4-9914C5CACF9A}.Debug|Any CPU.Build.0 = Debug|Any CPU
		{DBD67F34-A39B-46A1-ADE4-9914C5CACF9A}.Release|Any CPU.ActiveCfg = Release|Any CPU
		{DBD67F34-A39B-46A1-ADE4-9914C5CACF9A}.Release|Any CPU.Build.0 = Release|Any CPU
	EndGlobalSection
	GlobalSection(SolutionProperties) = preSolution
		HideSolutionNode = FALSE
	EndGlobalSection
	GlobalSection(ExtensibilityGlobals) = postSolution
		SolutionGuid = {C086C97D-2F47-4FE2-92F5-565824405AA2}
	EndGlobalSection
EndGlobal
